<?xml version="1.0" encoding="utf-8"?>
<Project ToolsVersion="4.0" xmlns="http://schemas.microsoft.com/developer/msbuild/2003">
  <ItemGroup>
    <Filter Include="Classes">
      <UniqueIdentifier>{fc5cb953-2953-4968-83b3-39e3ff951754}</UniqueIdentifier>
    </Filter>
    <Filter Include="win32">
      <UniqueIdentifier>{037a9a02-b906-4cc5-ad98-304acd4e25ee}</UniqueIdentifier>
    </Filter>
    <Filter Include="resource">
      <UniqueIdentifier>{2d1d0979-58cd-4ab6-b91c-13650158f1fa}</UniqueIdentifier>
    </Filter>
    <Filter Include="Classes\luaprotobuf">
      <UniqueIdentifier>{79a92370-1818-4fcc-aff7-68d933ed0092}</UniqueIdentifier>
    </Filter>
    <Filter Include="Classes\crypt">
      <UniqueIdentifier>{c9641974-bac1-491f-8673-54c3c193fb0f}</UniqueIdentifier>
    </Filter>
    <Filter Include="Classes\bit">
      <UniqueIdentifier>{64194ac6-b328-4672-b0e4-de20d6639485}</UniqueIdentifier>
    </Filter>
    <Filter Include="Classes\md5">
      <UniqueIdentifier>{66e4966f-0a3d-4f17-a922-5e27c70e70bd}</UniqueIdentifier>
    </Filter>
    <Filter Include="Classes\common">
      <UniqueIdentifier>{b201c7bd-181e-4617-9b67-683a6cf8e31e}</UniqueIdentifier>
    </Filter>
    <Filter Include="Classes\downloader">
      <UniqueIdentifier>{a75ab265-7852-420c-96e9-3f51759d21bd}</UniqueIdentifier>
    </Filter>
  </ItemGroup>
  <ItemGroup>
    <ClInclude Include="..\Classes\AppDelegate.h">
      <Filter>Classes</Filter>
    </ClInclude>
    <ClInclude Include="main.h">
      <Filter>win32</Filter>
    </ClInclude>
    <ClInclude Include="resource.h" />
    <ClInclude Include="SimulatorWin.h" />
    <ClInclude Include="stdafx.h">
      <Filter>win32</Filter>
    </ClInclude>
    <ClInclude Include="targetver.h">
      <Filter>win32</Filter>
    </ClInclude>
    <ClInclude Include="..\Classes\luaprotobuf\pb.h">
      <Filter>Classes\luaprotobuf</Filter>
    </ClInclude>
    <ClInclude Include="..\Classes\md5\md5.h">
      <Filter>Classes\md5</Filter>
    </ClInclude>
    <ClInclude Include="..\Classes\common\FValue.h">
      <Filter>Classes\common</Filter>
    </ClInclude>
    <ClInclude Include="..\Classes\common\FYDC.h">
      <Filter>Classes\common</Filter>
    </ClInclude>
    <ClInclude Include="..\Classes\common\FYDHeaders.h">
      <Filter>Classes\common</Filter>
    </ClInclude>
    <ClInclude Include="..\Classes\common\JSONManager.h">
      <Filter>Classes\common</Filter>
    </ClInclude>
    <ClInclude Include="..\Classes\common\LuaCBridge.h">
      <Filter>Classes\common</Filter>
    </ClInclude>
    <ClInclude Include="..\Classes\common\Utils.h">
      <Filter>Classes\common</Filter>
    </ClInclude>
    <ClInclude Include="..\Classes\downloader\Downloader.h">
      <Filter>Classes\downloader</Filter>
    </ClInclude>
  </ItemGroup>
  <ItemGroup>
    <ClCompile Include="..\Classes\AppDelegate.cpp">
      <Filter>Classes</Filter>
    </ClCompile>
    <ClCompile Include="main.cpp">
      <Filter>win32</Filter>
    </ClCompile>
    <ClCompile Include="SimulatorWin.cpp" />
    <ClCompile Include="stdafx.cpp">
      <Filter>win32</Filter>
    </ClCompile>
    <ClCompile Include="..\Classes\luaprotobuf\pb.c">
      <Filter>Classes\luaprotobuf</Filter>
    </ClCompile>
    <ClCompile Include="..\Classes\bit\bit.c">
      <Filter>Classes\bit</Filter>
    </ClCompile>
    <ClCompile Include="..\Classes\crypt\lsha1.c">
      <Filter>Classes\crypt</Filter>
    </ClCompile>
    <ClCompile Include="..\Classes\crypt\lua-crypt.c">
      <Filter>Classes\crypt</Filter>
    </ClCompile>
    <ClCompile Include="..\Classes\md5\md5.c">
      <Filter>Classes\md5</Filter>
    </ClCompile>
    <ClCompile Include="..\Classes\md5\md5lib.c">
      <Filter>Classes\md5</Filter>
    </ClCompile>
    <ClCompile Include="..\Classes\common\FValue.cpp">
      <Filter>Classes\common</Filter>
    </ClCompile>
    <ClCompile Include="..\Classes\common\FYDC.cpp">
      <Filter>Classes\common</Filter>
    </ClCompile>
    <ClCompile Include="..\Classes\common\JSONManager.cpp">
      <Filter>Classes\common</Filter>
    </ClCompile>
    <ClCompile Include="..\Classes\common\LuaCBridge.cpp">
      <Filter>Classes\common</Filter>
    </ClCompile>
    <ClCompile Include="..\Classes\common\Utils.cpp">
      <Filter>Classes\common</Filter>
    </ClCompile>
    <ClCompile Include="..\Classes\downloader\Downloader.cpp">
      <Filter>Classes\downloader</Filter>
    </ClCompile>
  </ItemGroup>
  <ItemGroup>
    <ResourceCompile Include="game.rc">
      <Filter>resource</Filter>
    </ResourceCompile>
  </ItemGroup>
  <ItemGroup>
    <Image Include="res\game.ico" />
  </ItemGroup>
</Project>